
Microsoft Visual Studio Solution File, Format Version 12.00
# Visual Studio Version 17
VisualStudioVersion = 17.7.34031.279
MinimumVisualStudioVersion = 10.0.40219.1
Project("{FAE04EC0-301F-11D3-BF4B-00C04F79EFBC}") = "JoePizzaApp", "JoePizzaApp\JoePizzaApp.csproj", "{A36407E3-B456-4B97-BFDE-7027D48C37DC}"
EndProject
Global
	GlobalSection(SolutionConfigurationPlatforms) = preSolution
		Debug|Any CPU = Debug|Any CPU
		Release|Any CPU = Release|Any CPU
	EndGlobalSection
	GlobalSection(ProjectConfigurationPlatforms) = postSolution
		{A36407E3-B456-4B97-BFDE-7027D48C37DC}.Debug|Any CPU.ActiveCfg = Debug|Any CPU
		{A36407E3-B456-4B97-BFDE-7027D48C37DC}.Debug|Any CPU.Build.0 = Debug|Any CPU
		{A36407E3-B456-4B97-BFDE-7027D48C37DC}.Release|Any CPU.ActiveCfg = Release|Any CPU
		{A36407E3-B456-4B97-BFDE-7027D48C37DC}.Release|Any CPU.Build.0 = Release|Any CPU
	EndGlobalSection
	GlobalSection(SolutionProperties) = preSolution
		HideSolutionNode = FALSE
	EndGlobalSection
	GlobalSection(ExtensibilityGlobals) = postSolution
		SolutionGuid = {DFC08197-D728-48CC-A671-4D448BB4E1AB}
	EndGlobalSection
EndGlobal
